// !$*UTF8*$!
{
	archiveVersion = 1;
	classes = {
	};
	objectVersion = 56;
	objects = {

/* Begin PBXBuildFile section */
		E868B7BC2CF9BA5C0051B759 /* WebReadingListAppApp.swift in Sources */ = {isa = PBXBuildFile; fileRef = E868B7BB2CF9BA5C0051B759 /* WebReadingListAppApp.swift */; };
		E868B7BE2CF9BA5C0051B759 /* ContentView.swift in Sources */ = {isa = PBXBuildFile; fileRef = E868B7BD2CF9BA5C0051B759 /* ContentView.swift */; };
		E868B7C02CF9BA5D0051B759 /* Assets.xcassets in Resources */ = {isa = PBXBuildFile; fileRef = E868B7BF2CF9BA5D0051B759 /* Assets.xcassets */; };
		E868B7C32CF9BA5D0051B759 /* Preview Assets.xcassets in Resources */ = {isa = PBXBuildFile; fileRef = E868B7C22CF9BA5D0051B759 /* Preview Assets.xcassets */; };
		E868B7CB2CF9BAEE0051B759 /* ReadingItem.swift in Sources */ = {isa = PBXBuildFile; fileRef = E868B7CA2CF9BAEE0051B759 /* ReadingItem.swift */; };
		E868B7D12CF9C7260051B759 /* ReadingDetailView.swift in Sources */ = {isa = PBXBuildFile; fileRef = E868B7D02CF9C7250051B759 /* ReadingDetailView.swift */; };
		E868B7D32CF9C7920051B759 /* ReadingSectionView.swift in Sources */ = {isa = PBXBuildFile; fileRef = E868B7D22CF9C7920051B759 /* ReadingSectionView.swift */; };
		E868B7D52CF9CFE40051B759 /* ReadingDataEditorView.swift in Sources */ = {isa = PBXBuildFile; fileRef = E868B7D42CF9CFE40051B759 /* ReadingDataEditorView.swift */; };
		E868B7D82CF9EADD0051B759 /* ReadingDataViewModel.swift in Sources */ = {isa = PBXBuildFile; fileRef = E868B7D72CF9EADD0051B759 /* ReadingDataViewModel.swift */; };
		E868B7DB2CFA12900051B759 /* WebView.swift in Sources */ = {isa = PBXBuildFile; fileRef = E868B7DA2CFA12900051B759 /* WebView.swift */; };
		E868B7DD2CFA2FB80051B759 /* WebViewState.swift in Sources */ = {isa = PBXBuildFile; fileRef = E868B7DC2CFA2FB80051B759 /* WebViewState.swift */; };
		E868B7DF2CFA3EE00051B759 /* WebNavigationBar.swift in Sources */ = {isa = PBXBuildFile; fileRef = E868B7DE2CFA3EE00051B759 /* WebNavigationBar.swift */; };
		E868B7E12CFB72130051B759 /* SuccessSavedFileView.swift in Sources */ = {isa = PBXBuildFile; fileRef = E868B7E02CFB72130051B759 /* SuccessSavedFileView.swift */; };
		E868B7E32CFB78E50051B759 /* PDFViewModel.swift in Sources */ = {isa = PBXBuildFile; fileRef = E868B7E22CFB78E50051B759 /* PDFViewModel.swift */; };
		E868B7E52CFB7D690051B759 /* PDFSectionView.swift in Sources */ = {isa = PBXBuildFile; fileRef = E868B7E42CFB7D690051B759 /* PDFSectionView.swift */; };
		E868B7E82CFB86B50051B759 /* PDFViewer.swift in Sources */ = {isa = PBXBuildFile; fileRef = E868B7E72CFB86B50051B759 /* PDFViewer.swift */; };
		E868B7EC2CFB93040051B759 /* PDFViewWrapper.swift in Sources */ = {isa = PBXBuildFile; fileRef = E868B7EB2CFB93040051B759 /* PDFViewWrapper.swift */; };
/* End PBXBuildFile section */

/* Begin PBXFileReference section */
		E868B7B82CF9BA5C0051B759 /* WebReadingListApp.app */ = {isa = PBXFileReference; explicitFileType = wrapper.application; includeInIndex = 0; path = WebReadingListApp.app; sourceTree = BUILT_PRODUCTS_DIR; };
		E868B7BB2CF9BA5C0051B759 /* WebReadingListAppApp.swift */ = {isa = PBXFileReference; lastKnownFileType = sourcecode.swift; path = WebReadingListAppApp.swift; sourceTree = "<group>"; };
		E868B7BD2CF9BA5C0051B759 /* ContentView.swift */ = {isa = PBXFileReference; lastKnownFileType = sourcecode.swift; path = ContentView.swift; sourceTree = "<group>"; };
		E868B7BF2CF9BA5D0051B759 /* Assets.xcassets */ = {isa = PBXFileReference; lastKnownFileType = folder.assetcatalog; path = Assets.xcassets; sourceTree = "<group>"; };
		E868B7C22CF9BA5D0051B759 /* Preview Assets.xcassets */ = {isa = PBXFileReference; lastKnownFileType = folder.assetcatalog; path = "Preview Assets.xcassets"; sourceTree = "<group>"; };
		E868B7CA2CF9BAEE0051B759 /* ReadingItem.swift */ = {isa = PBXFileReference; lastKnownFileType = sourcecode.swift; path = ReadingItem.swift; sourceTree = "<group>"; };
		E868B7D02CF9C7250051B759 /* ReadingDetailView.swift */ = {isa = PBXFileReference; lastKnownFileType = sourcecode.swift; path = ReadingDetailView.swift; sourceTree = "<group>"; };
		E868B7D22CF9C7920051B759 /* ReadingSectionView.swift */ = {isa = PBXFileReference; lastKnownFileType = sourcecode.swift; path = ReadingSectionView.swift; sourceTree = "<group>"; };
		E868B7D42CF9CFE40051B759 /* ReadingDataEditorView.swift */ = {isa = PBXFileReference; lastKnownFileType = sourcecode.swift; path = ReadingDataEditorView.swift; sourceTree = "<group>"; };
		E868B7D72CF9EADD0051B759 /* ReadingDataViewModel.swift */ = {isa = PBXFileReference; lastKnownFileType = sourcecode.swift; path = ReadingDataViewModel.swift; sourceTree = "<group>"; };
		E868B7DA2CFA12900051B759 /* WebView.swift */ = {isa = PBXFileReference; lastKnownFileType = sourcecode.swift; path = WebView.swift; sourceTree = "<group>"; };
		E868B7DC2CFA2FB80051B759 /* WebViewState.swift */ = {isa = PBXFileReference; lastKnownFileType = sourcecode.swift; path = WebViewState.swift; sourceTree = "<group>"; };
		E868B7DE2CFA3EE00051B759 /* WebNavigationBar.swift */ = {isa = PBXFileReference; lastKnownFileType = sourcecode.swift; path = WebNavigationBar.swift; sourceTree = "<group>"; };
		E868B7E02CFB72130051B759 /* SuccessSavedFileView.swift */ = {isa = PBXFileReference; lastKnownFileType = sourcecode.swift; path = SuccessSavedFileView.swift; sourceTree = "<group>"; };
		E868B7E22CFB78E50051B759 /* PDFViewModel.swift */ = {isa = PBXFileReference; lastKnownFileType = sourcecode.swift; path = PDFViewModel.swift; sourceTree = "<group>"; };
		E868B7E42CFB7D690051B759 /* PDFSectionView.swift */ = {isa = PBXFileReference; lastKnownFileType = sourcecode.swift; path = PDFSectionView.swift; sourceTree = "<group>"; };
		E868B7E72CFB86B50051B759 /* PDFViewer.swift */ = {isa = PBXFileReference; lastKnownFileType = sourcecode.swift; path = PDFViewer.swift; sourceTree = "<group>"; };
		E868B7EB2CFB93040051B759 /* PDFViewWrapper.swift */ = {isa = PBXFileReference; lastKnownFileType = sourcecode.swift; path = PDFViewWrapper.swift; sourceTree = "<group>"; };
/* End PBXFileReference section */

/* Begin PBXFrameworksBuildPhase section */
		E868B7B52CF9BA5C0051B759 /* Frameworks */ = {
			isa = PBXFrameworksBuildPhase;
			buildActionMask = 2147483647;
			files = (
			);
			runOnlyForDeploymentPostprocessing = 0;
		};
/* End PBXFrameworksBuildPhase section */

/* Begin PBXGroup section */
		E868B7AF2CF9BA5C0051B759 = {
			isa = PBXGroup;
			children = (
				E868B7BA2CF9BA5C0051B759 /* WebReadingListApp */,
				E868B7B92CF9BA5C0051B759 /* Products */,
			);
			sourceTree = "<group>";
		};
		E868B7B92CF9BA5C0051B759 /* Products */ = {
			isa = PBXGroup;
			children = (
				E868B7B82CF9BA5C0051B759 /* WebReadingListApp.app */,
			);
			name = Products;
			sourceTree = "<group>";
		};
		E868B7BA2CF9BA5C0051B759 /* WebReadingListApp */ = {
			isa = PBXGroup;
			children = (
				E868B7D62CF9EAC80051B759 /* ViewModel */,
				E868B7CF2CF9C7170051B759 /* views */,
				E868B7C92CF9BAD10051B759 /* model */,
				E868B7BB2CF9BA5C0051B759 /* WebReadingListAppApp.swift */,
				E868B7BD2CF9BA5C0051B759 /* ContentView.swift */,
				E868B7BF2CF9BA5D0051B759 /* Assets.xcassets */,
				E868B7C12CF9BA5D0051B759 /* Preview Content */,
			);
			path = WebReadingListApp;
			sourceTree = "<group>";
		};
		E868B7C12CF9BA5D0051B759 /* Preview Content */ = {
			isa = PBXGroup;
			children = (
				E868B7C22CF9BA5D0051B759 /* Preview Assets.xcassets */,
			);
			path = "Preview Content";
			sourceTree = "<group>";
		};
		E868B7C92CF9BAD10051B759 /* model */ = {
			isa = PBXGroup;
			children = (
				E868B7CA2CF9BAEE0051B759 /* ReadingItem.swift */,
			);
			path = model;
			sourceTree = "<group>";
		};
		E868B7CF2CF9C7170051B759 /* views */ = {
			isa = PBXGroup;
			children = (
				E868B7E62CFB86930051B759 /* pdfs */,
				E868B7D92CFA127E0051B759 /* webView */,
				E868B7D22CF9C7920051B759 /* ReadingSectionView.swift */,
				E868B7D42CF9CFE40051B759 /* ReadingDataEditorView.swift */,
			);
			path = views;
			sourceTree = "<group>";
		};
		E868B7D62CF9EAC80051B759 /* ViewModel */ = {
			isa = PBXGroup;
			children = (
				E868B7D72CF9EADD0051B759 /* ReadingDataViewModel.swift */,
				E868B7DC2CFA2FB80051B759 /* WebViewState.swift */,
				E868B7E22CFB78E50051B759 /* PDFViewModel.swift */,
			);
			path = ViewModel;
			sourceTree = "<group>";
		};
		E868B7D92CFA127E0051B759 /* webView */ = {
			isa = PBXGroup;
			children = (
				E868B7D02CF9C7250051B759 /* ReadingDetailView.swift */,
				E868B7DE2CFA3EE00051B759 /* WebNavigationBar.swift */,
				E868B7DA2CFA12900051B759 /* WebView.swift */,
				E868B7E02CFB72130051B759 /* SuccessSavedFileView.swift */,
			);
			path = webView;
			sourceTree = "<group>";
		};
		E868B7E62CFB86930051B759 /* pdfs */ = {
			isa = PBXGroup;
			children = (
				E868B7E72CFB86B50051B759 /* PDFViewer.swift */,
				E868B7EB2CFB93040051B759 /* PDFViewWrapper.swift */,
				E868B7E42CFB7D690051B759 /* PDFSectionView.swift */,
			);
			path = pdfs;
			sourceTree = "<group>";
		};
/* End PBXGroup section */

/* Begin PBXNativeTarget section */
		E868B7B72CF9BA5C0051B759 /* WebReadingListApp */ = {
			isa = PBXNativeTarget;
			buildConfigurationList = E868B7C62CF9BA5D0051B759 /* Build configuration list for PBXNativeTarget "WebReadingListApp" */;
			buildPhases = (
				E868B7B42CF9BA5C0051B759 /* Sources */,
				E868B7B52CF9BA5C0051B759 /* Frameworks */,
				E868B7B62CF9BA5C0051B759 /* Resources */,
			);
			buildRules = (
			);
			dependencies = (
				E868B7CE2CF9BE3D0051B759 /* PBXTargetDependency */,
			);
			name = WebReadingListApp;
			productName = WebReadingListApp;
			productReference = E868B7B82CF9BA5C0051B759 /* WebReadingListApp.app */;
			productType = "com.apple.product-type.application";
		};
/* End PBXNativeTarget section */

/* Begin PBXProject section */
		E868B7B02CF9BA5C0051B759 /* Project object */ = {
			isa = PBXProject;
			attributes = {
				BuildIndependentTargetsInParallel = 1;
				LastSwiftUpdateCheck = 1540;
				LastUpgradeCheck = 1540;
				TargetAttributes = {
					E868B7B72CF9BA5C0051B759 = {
						CreatedOnToolsVersion = 15.4;
					};
				};
			};
			buildConfigurationList = E868B7B32CF9BA5C0051B759 /* Build configuration list for PBXProject "WebReadingListApp" */;
			compatibilityVersion = "Xcode 14.0";
			developmentRegion = en;
			hasScannedForEncodings = 0;
			knownRegions = (
				en,
				Base,
			);
			mainGroup = E868B7AF2CF9BA5C0051B759;
			packageReferences = (
				E868B7CC2CF9BCFF0051B759 /* XCRemoteSwiftPackageReference "SwiftLintPlugins" */,
			);
			productRefGroup = E868B7B92CF9BA5C0051B759 /* Products */;
			projectDirPath = "";
			projectRoot = "";
			targets = (
				E868B7B72CF9BA5C0051B759 /* WebReadingListApp */,
			);
		};
/* End PBXProject section */

/* Begin PBXResourcesBuildPhase section */
		E868B7B62CF9BA5C0051B759 /* Resources */ = {
			isa = PBXResourcesBuildPhase;
			buildActionMask = 2147483647;
			files = (
				E868B7C32CF9BA5D0051B759 /* Preview Assets.xcassets in Resources */,
				E868B7C02CF9BA5D0051B759 /* Assets.xcassets in Resources */,
			);
			runOnlyForDeploymentPostprocessing = 0;
		};
/* End PBXResourcesBuildPhase section */

/* Begin PBXSourcesBuildPhase section */
		E868B7B42CF9BA5C0051B759 /* Sources */ = {
			isa = PBXSourcesBuildPhase;
			buildActionMask = 2147483647;
			files = (
				E868B7D82CF9EADD0051B759 /* ReadingDataViewModel.swift in Sources */,
				E868B7DB2CFA12900051B759 /* WebView.swift in Sources */,
				E868B7DF2CFA3EE00051B759 /* WebNavigationBar.swift in Sources */,
				E868B7BE2CF9BA5C0051B759 /* ContentView.swift in Sources */,
				E868B7BC2CF9BA5C0051B759 /* WebReadingListAppApp.swift in Sources */,
				E868B7DD2CFA2FB80051B759 /* WebViewState.swift in Sources */,
				E868B7D52CF9CFE40051B759 /* ReadingDataEditorView.swift in Sources */,
				E868B7E52CFB7D690051B759 /* PDFSectionView.swift in Sources */,
				E868B7D32CF9C7920051B759 /* ReadingSectionView.swift in Sources */,
				E868B7EC2CFB93040051B759 /* PDFViewWrapper.swift in Sources */,
				E868B7D12CF9C7260051B759 /* ReadingDetailView.swift in Sources */,
				E868B7E12CFB72130051B759 /* SuccessSavedFileView.swift in Sources */,
				E868B7CB2CF9BAEE0051B759 /* ReadingItem.swift in Sources */,
				E868B7E82CFB86B50051B759 /* PDFViewer.swift in Sources */,
				E868B7E32CFB78E50051B759 /* PDFViewModel.swift in Sources */,
			);
			runOnlyForDeploymentPostprocessing = 0;
		};
/* End PBXSourcesBuildPhase section */

/* Begin PBXTargetDependency section */
		E868B7CE2CF9BE3D0051B759 /* PBXTargetDependency */ = {
			isa = PBXTargetDependency;
			productRef = E868B7CD2CF9BE3D0051B759 /* SwiftLintBuildToolPlugin */;
		};
/* End PBXTargetDependency section */

/* Begin XCBuildConfiguration section */
		E868B7C42CF9BA5D0051B759 /* Debug */ = {
			isa = XCBuildConfiguration;
			buildSettings = {
				ALWAYS_SEARCH_USER_PATHS = NO;
				ASSETCATALOG_COMPILER_GENERATE_SWIFT_ASSET_SYMBOL_EXTENSIONS = YES;
				CLANG_ANALYZER_NONNULL = YES;
				CLANG_ANALYZER_NUMBER_OBJECT_CONVERSION = YES_AGGRESSIVE;
				CLANG_CXX_LANGUAGE_STANDARD = "gnu++20";
				CLANG_ENABLE_MODULES = YES;
				CLANG_ENABLE_OBJC_ARC = YES;
				CLANG_ENABLE_OBJC_WEAK = YES;
				CLANG_WARN_BLOCK_CAPTURE_AUTORELEASING = YES;
				CLANG_WARN_BOOL_CONVERSION = YES;
				CLANG_WARN_COMMA = YES;
				CLANG_WARN_CONSTANT_CONVERSION = YES;
				CLANG_WARN_DEPRECATED_OBJC_IMPLEMENTATIONS = YES;
				CLANG_WARN_DIRECT_OBJC_ISA_USAGE = YES_ERROR;
				CLANG_WARN_DOCUMENTATION_COMMENTS = YES;
				CLANG_WARN_EMPTY_BODY = YES;
				CLANG_WARN_ENUM_CONVERSION = YES;
				CLANG_WARN_INFINITE_RECURSION = YES;
				CLANG_WARN_INT_CONVERSION = YES;
				CLANG_WARN_NON_LITERAL_NULL_CONVERSION = YES;
				CLANG_WARN_OBJC_IMPLICIT_RETAIN_SELF = YES;
				CLANG_WARN_OBJC_LITERAL_CONVERSION = YES;
				CLANG_WARN_OBJC_ROOT_CLASS = YES_ERROR;
				CLANG_WARN_QUOTED_INCLUDE_IN_FRAMEWORK_HEADER = YES;
				CLANG_WARN_RANGE_LOOP_ANALYSIS = YES;
				CLANG_WARN_STRICT_PROTOTYPES = YES;
				CLANG_WARN_SUSPICIOUS_MOVE = YES;
				CLANG_WARN_UNGUARDED_AVAILABILITY = YES_AGGRESSIVE;
				CLANG_WARN_UNREACHABLE_CODE = YES;
				CLANG_WARN__DUPLICATE_METHOD_MATCH = YES;
				COPY_PHASE_STRIP = NO;
				DEBUG_INFORMATION_FORMAT = dwarf;
				ENABLE_STRICT_OBJC_MSGSEND = YES;
				ENABLE_TESTABILITY = YES;
				ENABLE_USER_SCRIPT_SANDBOXING = YES;
				GCC_C_LANGUAGE_STANDARD = gnu17;
				GCC_DYNAMIC_NO_PIC = NO;
				GCC_NO_COMMON_BLOCKS = YES;
				GCC_OPTIMIZATION_LEVEL = 0;
				GCC_PREPROCESSOR_DEFINITIONS = (
					"DEBUG=1",
					"$(inherited)",
				);
				GCC_WARN_64_TO_32_BIT_CONVERSION = YES;
				GCC_WARN_ABOUT_RETURN_TYPE = YES_ERROR;
				GCC_WARN_UNDECLARED_SELECTOR = YES;
				GCC_WARN_UNINITIALIZED_AUTOS = YES_AGGRESSIVE;
				GCC_WARN_UNUSED_FUNCTION = YES;
				GCC_WARN_UNUSED_VARIABLE = YES;
				IPHONEOS_DEPLOYMENT_TARGET = 17.5;
				LOCALIZATION_PREFERS_STRING_CATALOGS = YES;
				MTL_ENABLE_DEBUG_INFO = INCLUDE_SOURCE;
				MTL_FAST_MATH = YES;
				ONLY_ACTIVE_ARCH = YES;
				SDKROOT = iphoneos;
				SWIFT_ACTIVE_COMPILATION_CONDITIONS = "DEBUG $(inherited)";
				SWIFT_OPTIMIZATION_LEVEL = "-Onone";
			};
			name = Debug;
		};
		E868B7C52CF9BA5D0051B759 /* Release */ = {
			isa = XCBuildConfiguration;
			buildSettings = {
				ALWAYS_SEARCH_USER_PATHS = NO;
				ASSETCATALOG_COMPILER_GENERATE_SWIFT_ASSET_SYMBOL_EXTENSIONS = YES;
				CLANG_ANALYZER_NONNULL = YES;
				CLANG_ANALYZER_NUMBER_OBJECT_CONVERSION = YES_AGGRESSIVE;
				CLANG_CXX_LANGUAGE_STANDARD = "gnu++20";
				CLANG_ENABLE_MODULES = YES;
				CLANG_ENABLE_OBJC_ARC = YES;
				CLANG_ENABLE_OBJC_WEAK = YES;
				CLANG_WARN_BLOCK_CAPTURE_AUTORELEASING = YES;
				CLANG_WARN_BOOL_CONVERSION = YES;
				CLANG_WARN_COMMA = YES;
				CLANG_WARN_CONSTANT_CONVERSION = YES;
				CLANG_WARN_DEPRECATED_OBJC_IMPLEMENTATIONS = YES;
				CLANG_WARN_DIRECT_OBJC_ISA_USAGE = YES_ERROR;
				CLANG_WARN_DOCUMENTATION_COMMENTS = YES;
				CLANG_WARN_EMPTY_BODY = YES;
				CLANG_WARN_ENUM_CONVERSION = YES;
				CLANG_WARN_INFINITE_RECURSION = YES;
				CLANG_WARN_INT_CONVERSION = YES;
				CLANG_WARN_NON_LITERAL_NULL_CONVERSION = YES;
				CLANG_WARN_OBJC_IMPLICIT_RETAIN_SELF = YES;
				CLANG_WARN_OBJC_LITERAL_CONVERSION = YES;
				CLANG_WARN_OBJC_ROOT_CLASS = YES_ERROR;
				CLANG_WARN_QUOTED_INCLUDE_IN_FRAMEWORK_HEADER = YES;
				CLANG_WARN_RANGE_LOOP_ANALYSIS = YES;
				CLANG_WARN_STRICT_PROTOTYPES = YES;
				CLANG_WARN_SUSPICIOUS_MOVE = YES;
				CLANG_WARN_UNGUARDED_AVAILABILITY = YES_AGGRESSIVE;
				CLANG_WARN_UNREACHABLE_CODE = YES;
				CLANG_WARN__DUPLICATE_METHOD_MATCH = YES;
				COPY_PHASE_STRIP = NO;
				DEBUG_INFORMATION_FORMAT = "dwarf-with-dsym";
				ENABLE_NS_ASSERTIONS = NO;
				ENABLE_STRICT_OBJC_MSGSEND = YES;
				ENABLE_USER_SCRIPT_SANDBOXING = YES;
				GCC_C_LANGUAGE_STANDARD = gnu17;
				GCC_NO_COMMON_BLOCKS = YES;
				GCC_WARN_64_TO_32_BIT_CONVERSION = YES;
				GCC_WARN_ABOUT_RETURN_TYPE = YES_ERROR;
				GCC_WARN_UNDECLARED_SELECTOR = YES;
				GCC_WARN_UNINITIALIZED_AUTOS = YES_AGGRESSIVE;
				GCC_WARN_UNUSED_FUNCTION = YES;
				GCC_WARN_UNUSED_VARIABLE = YES;
				IPHONEOS_DEPLOYMENT_TARGET = 17.5;
				LOCALIZATION_PREFERS_STRING_CATALOGS = YES;
				MTL_ENABLE_DEBUG_INFO = NO;
				MTL_FAST_MATH = YES;
				SDKROOT = iphoneos;
				SWIFT_COMPILATION_MODE = wholemodule;
				VALIDATE_PRODUCT = YES;
			};
			name = Release;
		};
		E868B7C72CF9BA5D0051B759 /* Debug */ = {
			isa = XCBuildConfiguration;
			buildSettings = {
				ASSETCATALOG_COMPILER_APPICON_NAME = AppIcon;
				ASSETCATALOG_COMPILER_GLOBAL_ACCENT_COLOR_NAME = AccentColor;
				CODE_SIGN_STYLE = Automatic;
				CURRENT_PROJECT_VERSION = 1;
				DEVELOPMENT_ASSET_PATHS = "\"WebReadingListApp/Preview Content\"";
				DEVELOPMENT_TEAM = 36N72Y7M5U;
				ENABLE_PREVIEWS = YES;
				GENERATE_INFOPLIST_FILE = YES;
				INFOPLIST_KEY_UIApplicationSceneManifest_Generation = YES;
				INFOPLIST_KEY_UIApplicationSupportsIndirectInputEvents = YES;
				INFOPLIST_KEY_UILaunchScreen_Generation = YES;
				INFOPLIST_KEY_UISupportedInterfaceOrientations_iPad = "UIInterfaceOrientationPortrait UIInterfaceOrientationPortraitUpsideDown UIInterfaceOrientationLandscapeLeft UIInterfaceOrientationLandscapeRight";
				INFOPLIST_KEY_UISupportedInterfaceOrientations_iPhone = "UIInterfaceOrientationPortrait UIInterfaceOrientationLandscapeLeft UIInterfaceOrientationLandscapeRight";
				INFOPLIST_KEY_UISupportsDocumentBrowser = YES;
				LD_RUNPATH_SEARCH_PATHS = (
					"$(inherited)",
					"@executable_path/Frameworks",
				);
				MARKETING_VERSION = 1.0;
				PRODUCT_BUNDLE_IDENTIFIER = testplay.WebReadingListApp;
				PRODUCT_NAME = "$(TARGET_NAME)";
				SWIFT_EMIT_LOC_STRINGS = YES;
				SWIFT_VERSION = 5.0;
				TARGETED_DEVICE_FAMILY = "1,2";
			};
			name = Debug;
		};
		E868B7C82CF9BA5D0051B759 /* Release */ = {
			isa = XCBuildConfiguration;
			buildSettings = {
				ASSETCATALOG_COMPILER_APPICON_NAME = AppIcon;
				ASSETCATALOG_COMPILER_GLOBAL_ACCENT_COLOR_NAME = AccentColor;
				CODE_SIGN_STYLE = Automatic;
				CURRENT_PROJECT_VERSION = 1;
				DEVELOPMENT_ASSET_PATHS = "\"WebReadingListApp/Preview Content\"";
				DEVELOPMENT_TEAM = 36N72Y7M5U;
				ENABLE_PREVIEWS = YES;
				GENERATE_INFOPLIST_FILE = YES;
				INFOPLIST_KEY_UIApplicationSceneManifest_Generation = YES;
				INFOPLIST_KEY_UIApplicationSupportsIndirectInputEvents = YES;
				INFOPLIST_KEY_UILaunchScreen_Generation = YES;
				INFOPLIST_KEY_UISupportedInterfaceOrientations_iPad = "UIInterfaceOrientationPortrait UIInterfaceOrientationPortraitUpsideDown UIInterfaceOrientationLandscapeLeft UIInterfaceOrientationLandscapeRight";
				INFOPLIST_KEY_UISupportedInterfaceOrientations_iPhone = "UIInterfaceOrientationPortrait UIInterfaceOrientationLandscapeLeft UIInterfaceOrientationLandscapeRight";
				INFOPLIST_KEY_UISupportsDocumentBrowser = YES;
				LD_RUNPATH_SEARCH_PATHS = (
					"$(inherited)",
					"@executable_path/Frameworks",
				);
				MARKETING_VERSION = 1.0;
				PRODUCT_BUNDLE_IDENTIFIER = testplay.WebReadingListApp;
				PRODUCT_NAME = "$(TARGET_NAME)";
				SWIFT_EMIT_LOC_STRINGS = YES;
				SWIFT_VERSION = 5.0;
				TARGETED_DEVICE_FAMILY = "1,2";
			};
			name = Release;
		};
/* End XCBuildConfiguration section */

/* Begin XCConfigurationList section */
		E868B7B32CF9BA5C0051B759 /* Build configuration list for PBXProject "WebReadingListApp" */ = {
			isa = XCConfigurationList;
			buildConfigurations = (
				E868B7C42CF9BA5D0051B759 /* Debug */,
				E868B7C52CF9BA5D0051B759 /* Release */,
			);
			defaultConfigurationIsVisible = 0;
			defaultConfigurationName = Release;
		};
		E868B7C62CF9BA5D0051B759 /* Build configuration list for PBXNativeTarget "WebReadingListApp" */ = {
			isa = XCConfigurationList;
			buildConfigurations = (
				E868B7C72CF9BA5D0051B759 /* Debug */,
				E868B7C82CF9BA5D0051B759 /* Release */,
			);
			defaultConfigurationIsVisible = 0;
			defaultConfigurationName = Release;
		};
/* End XCConfigurationList section */

/* Begin XCRemoteSwiftPackageReference section */
		E868B7CC2CF9BCFF0051B759 /* XCRemoteSwiftPackageReference "SwiftLintPlugins" */ = {
			isa = XCRemoteSwiftPackageReference;
			repositoryURL = "https://github.com/SimplyDanny/SwiftLintPlugins";
			requirement = {
				kind = upToNextMajorVersion;
				minimumVersion = 0.57.1;
			};
		};
/* End XCRemoteSwiftPackageReference section */

/* Begin XCSwiftPackageProductDependency section */
		E868B7CD2CF9BE3D0051B759 /* SwiftLintBuildToolPlugin */ = {
			isa = XCSwiftPackageProductDependency;
			package = E868B7CC2CF9BCFF0051B759 /* XCRemoteSwiftPackageReference "SwiftLintPlugins" */;
			productName = "plugin:SwiftLintBuildToolPlugin";
		};
/* End XCSwiftPackageProductDependency section */
	};
	rootObject = E868B7B02CF9BA5C0051B759 /* Project object */;
}
